{
	"name": "url-creator",
	"version": "0.0.0",
	"lockfileVersion": 3,
	"requires": true,
	"packages": {
		"": {
			"name": "url-creator",
			"version": "0.0.0",
			"dependencies": {
				"zod": "^3.24.4"
			},
			"devDependencies": {
				"@cloudflare/vitest-pool-workers": "^0.8.19",
				"typescript": "^5.5.2",
				"vitest": "~3.0.7",
				"wrangler": "^4.15.2"
			}
		},
		"../../node_modules/.pnpm/@cloudflare+vitest-pool-workers@0.8.30_@cloudflare+workers-types@4.20250515.0_@vitest+r_b27588752abef82b3370a20926334b98/node_modules/@cloudflare/vitest-pool-workers": {
			"version": "0.8.30",
			"dev": true,
			"license": "MIT",
			"dependencies": {
				"birpc": "0.2.14",
				"cjs-module-lexer": "^1.2.3",
				"devalue": "^4.3.0",
				"miniflare": "4.20250508.2",
				"semver": "^7.7.1",
				"wrangler": "4.15.2",
				"zod": "^3.22.3"
			},
			"devDependencies": {
				"@cloudflare/eslint-config-worker": "1.1.0",
				"@cloudflare/mock-npm-registry": "0.0.0",
				"@cloudflare/workers-tsconfig": "0.0.0",
				"@cloudflare/workers-types": "^4.20250508.0",
				"@types/node": "^20.17.32",
				"@types/semver": "^7.5.1",
				"@vitest/runner": "~3.1.1",
				"@vitest/snapshot": "~3.1.1",
				"capnp-es": "^0.0.7",
				"ts-dedent": "^2.2.0",
				"typescript": "^5.7.2",
				"undici": "^5.28.5",
				"vitest": "~3.1.1"
			},
			"peerDependencies": {
				"@vitest/runner": "2.0.x - 3.1.x",
				"@vitest/snapshot": "2.0.x - 3.1.x",
				"vitest": "2.0.x - 3.1.x"
			}
		},
		"../../node_modules/.pnpm/typescript@5.8.3/node_modules/typescript": {
			"version": "5.8.3",
			"dev": true,
			"license": "Apache-2.0",
			"bin": {
				"tsc": "bin/tsc",
				"tsserver": "bin/tsserver"
			},
			"devDependencies": {
				"@dprint/formatter": "^0.4.1",
				"@dprint/typescript": "0.93.3",
				"@esfx/canceltoken": "^1.0.0",
				"@eslint/js": "^9.17.0",
				"@octokit/rest": "^21.0.2",
				"@types/chai": "^4.3.20",
				"@types/diff": "^5.2.3",
				"@types/minimist": "^1.2.5",
				"@types/mocha": "^10.0.10",
				"@types/ms": "^0.7.34",
				"@types/node": "latest",
				"@types/source-map-support": "^0.5.10",
				"@types/which": "^3.0.4",
				"@typescript-eslint/rule-tester": "^8.18.1",
				"@typescript-eslint/type-utils": "^8.18.1",
				"@typescript-eslint/utils": "^8.18.1",
				"azure-devops-node-api": "^14.1.0",
				"c8": "^10.1.3",
				"chai": "^4.5.0",
				"chalk": "^4.1.2",
				"chokidar": "^3.6.0",
				"diff": "^5.2.0",
				"dprint": "^0.47.6",
				"esbuild": "^0.24.0",
				"eslint": "^9.17.0",
				"eslint-formatter-autolinkable-stylish": "^1.4.0",
				"eslint-plugin-regexp": "^2.7.0",
				"fast-xml-parser": "^4.5.1",
				"glob": "^10.4.5",
				"globals": "^15.13.0",
				"hereby": "^1.10.0",
				"jsonc-parser": "^3.3.1",
				"knip": "^5.41.0",
				"minimist": "^1.2.8",
				"mocha": "^10.8.2",
				"mocha-fivemat-progress-reporter": "^0.1.0",
				"monocart-coverage-reports": "^2.11.4",
				"ms": "^2.1.3",
				"playwright": "^1.49.1",
				"source-map-support": "^0.5.21",
				"tslib": "^2.8.1",
				"typescript": "^5.7.2",
				"typescript-eslint": "^8.18.1",
				"which": "^3.0.1"
			},
			"engines": {
				"node": ">=14.17"
			}
		},
		"../../node_modules/.pnpm/vitest@3.0.9_@types+node@22.13.0_jiti@2.4.2_lightningcss@1.30.1_yaml@2.8.0/node_modules/vitest": {
			"version": "3.0.9",
			"dev": true,
			"license": "MIT",
			"dependencies": {
				"@vitest/expect": "3.0.9",
				"@vitest/mocker": "3.0.9",
				"@vitest/pretty-format": "^3.0.9",
				"@vitest/runner": "3.0.9",
				"@vitest/snapshot": "3.0.9",
				"@vitest/spy": "3.0.9",
				"@vitest/utils": "3.0.9",
				"chai": "^5.2.0",
				"debug": "^4.4.0",
				"expect-type": "^1.1.0",
				"magic-string": "^0.30.17",
				"pathe": "^2.0.3",
				"std-env": "^3.8.0",
				"tinybench": "^2.9.0",
				"tinyexec": "^0.3.2",
				"tinypool": "^1.0.2",
				"tinyrainbow": "^2.0.0",
				"vite": "^5.0.0 || ^6.0.0",
				"vite-node": "3.0.9",
				"why-is-node-running": "^2.3.0"
			},
			"bin": {
				"vitest": "vitest.mjs"
			},
			"devDependencies": {
				"@ampproject/remapping": "^2.3.0",
				"@antfu/install-pkg": "^1.0.0",
				"@edge-runtime/vm": "^5.0.0",
				"@sinonjs/fake-timers": "14.0.0",
				"@types/debug": "^4.1.12",
				"@types/estree": "^1.0.6",
				"@types/istanbul-lib-coverage": "^2.0.6",
				"@types/istanbul-reports": "^3.0.4",
				"@types/jsdom": "^21.1.7",
				"@types/micromatch": "^4.0.9",
				"@types/node": "^22.13.5",
				"@types/prompts": "^2.4.9",
				"@types/sinonjs__fake-timers": "^8.1.5",
				"acorn-walk": "^8.3.4",
				"birpc": "0.2.19",
				"cac": "^6.7.14",
				"chai-subset": "^1.6.0",
				"find-up": "^6.3.0",
				"flatted": "^3.3.3",
				"get-tsconfig": "^4.10.0",
				"happy-dom": "^17.1.4",
				"jsdom": "^26.0.0",
				"local-pkg": "^1.0.0",
				"micromatch": "^4.0.8",
				"pretty-format": "^29.7.0",
				"prompts": "^2.4.2",
				"strip-literal": "^3.0.0",
				"tinyglobby": "^0.2.12",
				"ws": "^8.18.1"
			},
			"engines": {
				"node": "^18.0.0 || ^20.0.0 || >=22.0.0"
			},
			"funding": {
				"url": "https://opencollective.com/vitest"
			},
			"peerDependencies": {
				"@edge-runtime/vm": "*",
				"@types/debug": "^4.1.12",
				"@types/node": "^18.0.0 || ^20.0.0 || >=22.0.0",
				"@vitest/browser": "3.0.9",
				"@vitest/ui": "3.0.9",
				"happy-dom": "*",
				"jsdom": "*"
			},
			"peerDependenciesMeta": {
				"@edge-runtime/vm": {
					"optional": true
				},
				"@types/debug": {
					"optional": true
				},
				"@types/node": {
					"optional": true
				},
				"@vitest/browser": {
					"optional": true
				},
				"@vitest/ui": {
					"optional": true
				},
				"happy-dom": {
					"optional": true
				},
				"jsdom": {
					"optional": true
				}
			}
		},
		"../../node_modules/.pnpm/wrangler@4.15.2_@cloudflare+workers-types@4.20250515.0/node_modules/wrangler": {
			"version": "4.15.2",
			"dev": true,
			"license": "MIT OR Apache-2.0",
			"dependencies": {
				"@cloudflare/kv-asset-handler": "0.4.0",
				"@cloudflare/unenv-preset": "2.3.1",
				"blake3-wasm": "2.1.5",
				"esbuild": "0.25.4",
				"miniflare": "4.20250508.2",
				"path-to-regexp": "6.3.0",
				"unenv": "2.0.0-rc.15",
				"workerd": "1.20250508.0"
			},
			"bin": {
				"wrangler": "bin/wrangler.js",
				"wrangler2": "bin/wrangler.js"
			},
			"devDependencies": {
				"@aws-sdk/client-s3": "^3.721.0",
				"@cloudflare/cli": "1.1.1",
				"@cloudflare/eslint-config-worker": "1.1.0",
				"@cloudflare/pages-shared": "^0.13.39",
				"@cloudflare/types": "6.18.4",
				"@cloudflare/workers-shared": "0.17.5",
				"@cloudflare/workers-tsconfig": "0.0.0",
				"@cloudflare/workers-types": "^4.20250508.0",
				"@cspotcode/source-map-support": "0.8.1",
				"@iarna/toml": "^3.0.0",
				"@microsoft/api-extractor": "^7.47.0",
				"@sentry/node": "^7.86.0",
				"@sentry/types": "^7.86.0",
				"@sentry/utils": "^7.86.0",
				"@types/command-exists": "^1.2.0",
				"@types/glob-to-regexp": "^0.4.1",
				"@types/is-ci": "^3.0.0",
				"@types/javascript-time-ago": "^2.0.3",
				"@types/mime": "^3.0.4",
				"@types/minimatch": "^5.1.2",
				"@types/node": "^20.17.32",
				"@types/node-forge": "^1.3.11",
				"@types/prompts": "^2.0.14",
				"@types/resolve": "^1.20.6",
				"@types/shell-quote": "^1.7.2",
				"@types/signal-exit": "^3.0.1",
				"@types/supports-color": "^8.1.1",
				"@types/ws": "^8.5.7",
				"@types/yargs": "^17.0.22",
				"@vitest/ui": "~3.1.1",
				"@webcontainer/env": "^1.1.0",
				"chalk": "^5.2.0",
				"chokidar": "^4.0.1",
				"cli-table3": "^0.6.3",
				"cmd-shim": "^4.1.0",
				"command-exists": "^1.2.9",
				"concurrently": "^8.2.2",
				"date-fns": "^4.1.0",
				"devtools-protocol": "^0.0.1182435",
				"dotenv": "^16.3.1",
				"execa": "^6.1.0",
				"find-up": "^6.3.0",
				"get-port": "^7.0.0",
				"glob-to-regexp": "^0.4.1",
				"https-proxy-agent": "7.0.2",
				"is-ci": "^3.0.1",
				"itty-time": "^1.0.6",
				"javascript-time-ago": "^2.5.4",
				"md5-file": "5.0.0",
				"mime": "^3.0.0",
				"minimatch": "^5.1.0",
				"mock-socket": "^9.3.1",
				"msw": "2.4.3",
				"node-forge": "^1.3.1",
				"open": "^8.4.0",
				"p-queue": "^7.2.0",
				"patch-console": "^1.0.0",
				"pretty-bytes": "^6.0.0",
				"prompts": "^2.4.2",
				"resolve": "^1.22.8",
				"rimraf": "^6.0.1",
				"selfsigned": "^2.0.1",
				"semiver": "^1.1.0",
				"shell-quote": "^1.8.1",
				"signal-exit": "^3.0.7",
				"source-map": "^0.6.1",
				"strip-ansi": "^7.1.0",
				"supports-color": "^9.2.2",
				"timeago.js": "^4.0.2",
				"ts-dedent": "^2.2.0",
				"ts-json-schema-generator": "^1.5.0",
				"typescript": "^5.7.2",
				"undici": "^5.28.5",
				"update-check": "^1.5.4",
				"vitest": "~3.1.1",
				"vitest-websocket-mock": "^0.4.0",
				"ws": "8.18.0",
				"xdg-app-paths": "^8.3.0",
				"xxhash-wasm": "^1.0.1",
				"yargs": "^17.7.2"
			},
			"engines": {
				"node": ">=18.0.0"
			},
			"optionalDependencies": {
				"fsevents": "~2.3.2",
				"sharp": "^0.33.5"
			},
			"peerDependencies": {
				"@cloudflare/workers-types": "^4.20250508.0"
			},
			"peerDependenciesMeta": {
				"@cloudflare/workers-types": {
					"optional": true
				}
			}
		},
		"node_modules/@cloudflare/vitest-pool-workers": {
			"resolved": "../../node_modules/.pnpm/@cloudflare+vitest-pool-workers@0.8.30_@cloudflare+workers-types@4.20250515.0_@vitest+r_b27588752abef82b3370a20926334b98/node_modules/@cloudflare/vitest-pool-workers",
			"link": true
		},
		"node_modules/typescript": {
			"resolved": "../../node_modules/.pnpm/typescript@5.8.3/node_modules/typescript",
			"link": true
		},
		"node_modules/vitest": {
			"resolved": "../../node_modules/.pnpm/vitest@3.0.9_@types+node@22.13.0_jiti@2.4.2_lightningcss@1.30.1_yaml@2.8.0/node_modules/vitest",
			"link": true
		},
		"node_modules/wrangler": {
			"resolved": "../../node_modules/.pnpm/wrangler@4.15.2_@cloudflare+workers-types@4.20250515.0/node_modules/wrangler",
			"link": true
		},
		"node_modules/zod": {
			"version": "3.24.4",
			"resolved": "https://registry.npmjs.org/zod/-/zod-3.24.4.tgz",
			"integrity": "sha512-OdqJE9UDRPwWsrHjLN2F8bPxvwJBK22EHLWtanu0LSYr5YqzsaaW3RMgmjwr8Rypg5k+meEJdSPXJZXE/yqOMg==",
			"license": "MIT",
			"funding": {
				"url": "https://github.com/sponsors/colinhacks"
			}
		}
	}
}
